// !$*UTF8*$!
{
	archiveVersion = 1;
	classes = {
	};
	objectVersion = 46;
	objects = {

/* Begin PBXBuildFile section */
		1A01D86416E9764700E855C5 /* UIKit.framework in Frameworks */ = {isa = PBXBuildFile; fileRef = 1A01D86316E9764700E855C5 /* UIKit.framework */; };
		1A01D86616E9764700E855C5 /* Foundation.framework in Frameworks */ = {isa = PBXBuildFile; fileRef = 1A01D86516E9764700E855C5 /* Foundation.framework */; };
		1A01D86816E9764700E855C5 /* CoreGraphics.framework in Frameworks */ = {isa = PBXBuildFile; fileRef = 1A01D86716E9764700E855C5 /* CoreGraphics.framework */; };
		1A01D86E16E9764700E855C5 /* InfoPlist.strings in Resources */ = {isa = PBXBuildFile; fileRef = 1A01D86C16E9764700E855C5 /* InfoPlist.strings */; };
		1A01D87016E9764700E855C5 /* main.m in Sources */ = {isa = PBXBuildFile; fileRef = 1A01D86F16E9764700E855C5 /* main.m */; };
		1A01D87416E9764700E855C5 /* MMAppDelegate.m in Sources */ = {isa = PBXBuildFile; fileRef = 1A01D87316E9764700E855C5 /* MMAppDelegate.m */; };
		1A01D87816E9764700E855C5 /* Default@2x.png in Resources */ = {isa = PBXBuildFile; fileRef = 1A01D87716E9764700E855C5 /* Default@2x.png */; };
		1A01D87A16E9764700E855C5 /* Default-568h@2x.png in Resources */ = {isa = PBXBuildFile; fileRef = 1A01D87916E9764700E855C5 /* Default-568h@2x.png */; };
		1A01D87D16E9764700E855C5 /* MainStoryboard.storyboard in Resources */ = {isa = PBXBuildFile; fileRef = 1A01D87B16E9764700E855C5 /* MainStoryboard.storyboard */; };
		1A01D88016E9764700E855C5 /* AlarmTimeViewController.m in Sources */ = {isa = PBXBuildFile; fileRef = 1A01D87F16E9764700E855C5 /* AlarmTimeViewController.m */; };
		1A01D88216E9764700E855C5 /* first.png in Resources */ = {isa = PBXBuildFile; fileRef = 1A01D88116E9764700E855C5 /* first.png */; };
		1A01D88416E9764700E855C5 /* first@2x.png in Resources */ = {isa = PBXBuildFile; fileRef = 1A01D88316E9764700E855C5 /* first@2x.png */; };
		1A01D88716E9764700E855C5 /* AudibleViewController.m in Sources */ = {isa = PBXBuildFile; fileRef = 1A01D88616E9764700E855C5 /* AudibleViewController.m */; };
		1A01D88916E9764700E855C5 /* second.png in Resources */ = {isa = PBXBuildFile; fileRef = 1A01D88816E9764700E855C5 /* second.png */; };
		1A01D88B16E9764700E855C5 /* second@2x.png in Resources */ = {isa = PBXBuildFile; fileRef = 1A01D88A16E9764700E855C5 /* second@2x.png */; };
		1A01D89416E97EE200E855C5 /* SnoozeViewController.m in Sources */ = {isa = PBXBuildFile; fileRef = 1A01D89216E97EE200E855C5 /* SnoozeViewController.m */; };
		1A01D8B816E9819700E855C5 /* add.png in Resources */ = {isa = PBXBuildFile; fileRef = 1A01D89716E9819700E855C5 /* add.png */; };
		1A01D8B916E9819700E855C5 /* alarm.png in Resources */ = {isa = PBXBuildFile; fileRef = 1A01D89816E9819700E855C5 /* alarm.png */; };
		1A01D8BA16E9819700E855C5 /* alarm_off.png in Resources */ = {isa = PBXBuildFile; fileRef = 1A01D89916E9819700E855C5 /* alarm_off.png */; };
		1A01D8BB16E9819700E855C5 /* attach.png in Resources */ = {isa = PBXBuildFile; fileRef = 1A01D89A16E9819700E855C5 /* attach.png */; };
		1A01D8BC16E9819700E855C5 /* bell.png in Resources */ = {isa = PBXBuildFile; fileRef = 1A01D89B16E9819700E855C5 /* bell.png */; };
		1A01D8BD16E9819700E855C5 /* bell_off.png in Resources */ = {isa = PBXBuildFile; fileRef = 1A01D89C16E9819700E855C5 /* bell_off.png */; };
		1A01D8BE16E9819700E855C5 /* cancel.png in Resources */ = {isa = PBXBuildFile; fileRef = 1A01D89D16E9819700E855C5 /* cancel.png */; };
		1A01D8BF16E9819700E855C5 /* cascade.png in Resources */ = {isa = PBXBuildFile; fileRef = 1A01D89E16E9819700E855C5 /* cascade.png */; };
		1A01D8C016E9819700E855C5 /* clipboard_text.png in Resources */ = {isa = PBXBuildFile; fileRef = 1A01D89F16E9819700E855C5 /* clipboard_text.png */; };
		1A01D8C116E9819700E855C5 /* clipboard_text_off.png in Resources */ = {isa = PBXBuildFile; fileRef = 1A01D8A016E9819700E855C5 /* clipboard_text_off.png */; };
		1A01D8C216E9819700E855C5 /* cog.png in Resources */ = {isa = PBXBuildFile; fileRef = 1A01D8A116E9819700E855C5 /* cog.png */; };
		1A01D8C316E9819700E855C5 /* comment.png in Resources */ = {isa = PBXBuildFile; fileRef = 1A01D8A216E9819700E855C5 /* comment.png */; };
		1A01D8C416E9819700E855C5 /* control _off.png in Resources */ = {isa = PBXBuildFile; fileRef = 1A01D8A316E9819700E855C5 /* control _off.png */; };
		1A01D8C516E9819700E855C5 /* control_eject.png in Resources */ = {isa = PBXBuildFile; fileRef = 1A01D8A416E9819700E855C5 /* control_eject.png */; };
		1A01D8C616E9819700E855C5 /* control_equalizer.png in Resources */ = {isa = PBXBuildFile; fileRef = 1A01D8A516E9819700E855C5 /* control_equalizer.png */; };
		1A01D8C716E9819700E855C5 /* control_pause.png in Resources */ = {isa = PBXBuildFile; fileRef = 1A01D8A616E9819700E855C5 /* control_pause.png */; };
		1A01D8C816E9819700E855C5 /* database.png in Resources */ = {isa = PBXBuildFile; fileRef = 1A01D8A716E9819700E855C5 /* database.png */; };
		1A01D8C916E9819700E855C5 /* delete.png in Resources */ = {isa = PBXBuildFile; fileRef = 1A01D8A816E9819700E855C5 /* delete.png */; };
		1A01D8CA16E9819700E855C5 /* error.png in Resources */ = {isa = PBXBuildFile; fileRef = 1A01D8A916E9819700E855C5 /* error.png */; };
		1A01D8CB16E9819700E855C5 /* exclamation.png in Resources */ = {isa = PBXBuildFile; fileRef = 1A01D8AA16E9819700E855C5 /* exclamation.png */; };
		1A01D8CC16E9819700E855C5 /* house.png in Resources */ = {isa = PBXBuildFile; fileRef = 1A01D8AB16E9819700E855C5 /* house.png */; };
		1A01D8CD16E9819700E855C5 /* ipod_cast.png in Resources */ = {isa = PBXBuildFile; fileRef = 1A01D8AC16E9819700E855C5 /* ipod_cast.png */; };
		1A01D8CE16E9819700E855C5 /* ipod_cast_off.png in Resources */ = {isa = PBXBuildFile; fileRef = 1A01D8AD16E9819700E855C5 /* ipod_cast_off.png */; };
		1A01D8CF16E9819700E855C5 /* joystick.png in Resources */ = {isa = PBXBuildFile; fileRef = 1A01D8AE16E9819700E855C5 /* joystick.png */; };
		1A01D8D016E9819700E855C5 /* lightbulb.png in Resources */ = {isa = PBXBuildFile; fileRef = 1A01D8AF16E9819700E855C5 /* lightbulb.png */; };
		1A01D8D116E9819700E855C5 /* lightbulb_off.png in Resources */ = {isa = PBXBuildFile; fileRef = 1A01D8B016E9819700E855C5 /* lightbulb_off.png */; };
		1A01D8D216E9819700E855C5 /* link_break.png in Resources */ = {isa = PBXBuildFile; fileRef = 1A01D8B116E9819700E855C5 /* link_break.png */; };
		1A01D8D316E9819700E855C5 /* link_break_off.png in Resources */ = {isa = PBXBuildFile; fileRef = 1A01D8B216E9819700E855C5 /* link_break_off.png */; };
		1A01D8D416E9819700E855C5 /* note.png in Resources */ = {isa = PBXBuildFile; fileRef = 1A01D8B316E9819700E855C5 /* note.png */; };
		1A01D8D516E9819700E855C5 /* shading.png in Resources */ = {isa = PBXBuildFile; fileRef = 1A01D8B416E9819700E855C5 /* shading.png */; };
		1A01D8D616E9819700E855C5 /* transmit.png in Resources */ = {isa = PBXBuildFile; fileRef = 1A01D8B516E9819700E855C5 /* transmit.png */; };
		1A01D8D716E9819700E855C5 /* volume_control_icon.png in Resources */ = {isa = PBXBuildFile; fileRef = 1A01D8B616E9819700E855C5 /* volume_control_icon.png */; };
		1A01D8D816E9819700E855C5 /* wait.png in Resources */ = {isa = PBXBuildFile; fileRef = 1A01D8B716E9819700E855C5 /* wait.png */; };
		1A01D8DF16E981A500E855C5 /* Alarm_Clock.mp3 in Resources */ = {isa = PBXBuildFile; fileRef = 1A01D8DA16E981A500E855C5 /* Alarm_Clock.mp3 */; };
		1A01D8E016E981A500E855C5 /* Car_Alarm.mp3 in Resources */ = {isa = PBXBuildFile; fileRef = 1A01D8DB16E981A500E855C5 /* Car_Alarm.mp3 */; };
		1A01D8E116E981A500E855C5 /* Evacuate.mp3 in Resources */ = {isa = PBXBuildFile; fileRef = 1A01D8DC16E981A500E855C5 /* Evacuate.mp3 */; };
		1A01D8E216E981A500E855C5 /* Rooster.mp3 in Resources */ = {isa = PBXBuildFile; fileRef = 1A01D8DD16E981A500E855C5 /* Rooster.mp3 */; };
		1A01D8E316E981A500E855C5 /* Tornado_Siren.mp3 in Resources */ = {isa = PBXBuildFile; fileRef = 1A01D8DE16E981A500E855C5 /* Tornado_Siren.mp3 */; };
		1A0B700E16F87A9E0013CEAE /* Default.png in Resources */ = {isa = PBXBuildFile; fileRef = 1A0B700D16F87A9E0013CEAE /* Default.png */; };
		1A6FEF0116F4C77B00F5B8A0 /* AlarmClockiOS.xcdatamodeld in Sources */ = {isa = PBXBuildFile; fileRef = 1A6FEEFF16F4C77B00F5B8A0 /* AlarmClockiOS.xcdatamodeld */; };
		1A6FEF0516F4C98200F5B8A0 /* CoreData.framework in Frameworks */ = {isa = PBXBuildFile; fileRef = 1A6FEF0416F4C98200F5B8A0 /* CoreData.framework */; };
		1A6FEF1016F6A75000F5B8A0 /* silence_10.mp3 in Resources */ = {isa = PBXBuildFile; fileRef = 1A6FEF0F16F6A75000F5B8A0 /* silence_10.mp3 */; };
		1A99704116E9875D009F6C6B /* MMAlarmMainViewController.m in Sources */ = {isa = PBXBuildFile; fileRef = 1A99703F16E9875D009F6C6B /* MMAlarmMainViewController.m */; };
		1A99704416E98DC0009F6C6B /* AVFoundation.framework in Frameworks */ = {isa = PBXBuildFile; fileRef = 1A99704316E98DC0009F6C6B /* AVFoundation.framework */; };
		1A99704616E98DCE009F6C6B /* AudioToolbox.framework in Frameworks */ = {isa = PBXBuildFile; fileRef = 1A99704516E98DCE009F6C6B /* AudioToolbox.framework */; };
		1A99704916E9AFFB009F6C6B /* MMTableViewController.m in Sources */ = {isa = PBXBuildFile; fileRef = 1A99704816E9AFFB009F6C6B /* MMTableViewController.m */; };
		1A99704F16EA6E13009F6C6B /* MMAlarmDetails.m in Sources */ = {isa = PBXBuildFile; fileRef = 1A99704E16EA6E13009F6C6B /* MMAlarmDetails.m */; };
		1A99705516EE98BD009F6C6B /* VisualVibrateViewController.m in Sources */ = {isa = PBXBuildFile; fileRef = 1A99705416EE98BD009F6C6B /* VisualVibrateViewController.m */; };
		1A9970C616F29D44009F6C6B /* alarm_clk_standard.png in Resources */ = {isa = PBXBuildFile; fileRef = 1A9970C516F29D43009F6C6B /* alarm_clk_standard.png */; };
		1A9970C816F29D4F009F6C6B /* alarm_clk_retina.png in Resources */ = {isa = PBXBuildFile; fileRef = 1A9970C716F29D4E009F6C6B /* alarm_clk_retina.png */; };
		1A9970CA16F29D7A009F6C6B /* alarm_clk_standard.png in Resources */ = {isa = PBXBuildFile; fileRef = 1A9970C916F29D7A009F6C6B /* alarm_clk_standard.png */; };
		1A9970CC16F29DA1009F6C6B /* alarm_clk_retina.png in Resources */ = {isa = PBXBuildFile; fileRef = 1A9970CB16F29DA0009F6C6B /* alarm_clk_retina.png */; };
/* End PBXBuildFile section */

/* Begin PBXFileReference section */
		1A01D86016E9764700E855C5 /* AlarmClockiOS.app */ = {isa = PBXFileReference; explicitFileType = wrapper.application; includeInIndex = 0; path = AlarmClockiOS.app; sourceTree = BUILT_PRODUCTS_DIR; };
		1A01D86316E9764700E855C5 /* UIKit.framework */ = {isa = PBXFileReference; lastKnownFileType = wrapper.framework; name = UIKit.framework; path = System/Library/Frameworks/UIKit.framework; sourceTree = SDKROOT; };
		1A01D86516E9764700E855C5 /* Foundation.framework */ = {isa = PBXFileReference; lastKnownFileType = wrapper.framework; name = Foundation.framework; path = System/Library/Frameworks/Foundation.framework; sourceTree = SDKROOT; };
		1A01D86716E9764700E855C5 /* CoreGraphics.framework */ = {isa = PBXFileReference; lastKnownFileType = wrapper.framework; name = CoreGraphics.framework; path = System/Library/Frameworks/CoreGraphics.framework; sourceTree = SDKROOT; };
		1A01D86B16E9764700E855C5 /* AlarmClockiOS-Info.plist */ = {isa = PBXFileReference; lastKnownFileType = text.plist.xml; path = "AlarmClockiOS-Info.plist"; sourceTree = "<group>"; };
		1A01D86D16E9764700E855C5 /* en */ = {isa = PBXFileReference; lastKnownFileType = text.plist.strings; name = en; path = en.lproj/InfoPlist.strings; sourceTree = "<group>"; };
		1A01D86F16E9764700E855C5 /* main.m */ = {isa = PBXFileReference; lastKnownFileType = sourcecode.c.objc; path = main.m; sourceTree = "<group>"; };
		1A01D87116E9764700E855C5 /* AlarmClockiOS-Prefix.pch */ = {isa = PBXFileReference; lastKnownFileType = sourcecode.c.h; path = "AlarmClockiOS-Prefix.pch"; sourceTree = "<group>"; };
		1A01D87216E9764700E855C5 /* MMAppDelegate.h */ = {isa = PBXFileReference; lastKnownFileType = sourcecode.c.h; path = MMAppDelegate.h; sourceTree = "<group>"; };
		1A01D87316E9764700E855C5 /* MMAppDelegate.m */ = {isa = PBXFileReference; lastKnownFileType = sourcecode.c.objc; path = MMAppDelegate.m; sourceTree = "<group>"; };
		1A01D87716E9764700E855C5 /* Default@2x.png */ = {isa = PBXFileReference; lastKnownFileType = image.png; path = "Default@2x.png"; sourceTree = "<group>"; };
		1A01D87916E9764700E855C5 /* Default-568h@2x.png */ = {isa = PBXFileReference; lastKnownFileType = image.png; path = "Default-568h@2x.png"; sourceTree = "<group>"; };
		1A01D87C16E9764700E855C5 /* en */ = {isa = PBXFileReference; lastKnownFileType = file.storyboard; name = en; path = en.lproj/MainStoryboard.storyboard; sourceTree = "<group>"; };
		1A01D87E16E9764700E855C5 /* AlarmTimeViewController.h */ = {isa = PBXFileReference; lastKnownFileType = sourcecode.c.h; path = AlarmTimeViewController.h; sourceTree = "<group>"; };
		1A01D87F16E9764700E855C5 /* AlarmTimeViewController.m */ = {isa = PBXFileReference; lastKnownFileType = sourcecode.c.objc; path = AlarmTimeViewController.m; sourceTree = "<group>"; };
		1A01D88116E9764700E855C5 /* first.png */ = {isa = PBXFileReference; lastKnownFileType = image.png; path = first.png; sourceTree = "<group>"; };
		1A01D88316E9764700E855C5 /* first@2x.png */ = {isa = PBXFileReference; lastKnownFileType = image.png; path = "first@2x.png"; sourceTree = "<group>"; };
		1A01D88516E9764700E855C5 /* AudibleViewController.h */ = {isa = PBXFileReference; lastKnownFileType = sourcecode.c.h; path = AudibleViewController.h; sourceTree = "<group>"; };
		1A01D88616E9764700E855C5 /* AudibleViewController.m */ = {isa = PBXFileReference; lastKnownFileType = sourcecode.c.objc; path = AudibleViewController.m; sourceTree = "<group>"; };
		1A01D88816E9764700E855C5 /* second.png */ = {isa = PBXFileReference; lastKnownFileType = image.png; path = second.png; sourceTree = "<group>"; };
		1A01D88A16E9764700E855C5 /* second@2x.png */ = {isa = PBXFileReference; lastKnownFileType = image.png; path = "second@2x.png"; sourceTree = "<group>"; };
		1A01D89116E97EE200E855C5 /* SnoozeViewController.h */ = {isa = PBXFileReference; fileEncoding = 4; lastKnownFileType = sourcecode.c.h; path = SnoozeViewController.h; sourceTree = "<group>"; };
		1A01D89216E97EE200E855C5 /* SnoozeViewController.m */ = {isa = PBXFileReference; fileEncoding = 4; lastKnownFileType = sourcecode.c.objc; path = SnoozeViewController.m; sourceTree = "<group>"; };
		1A01D89716E9819700E855C5 /* add.png */ = {isa = PBXFileReference; lastKnownFileType = image.png; path = add.png; sourceTree = "<group>"; };
		1A01D89816E9819700E855C5 /* alarm.png */ = {isa = PBXFileReference; lastKnownFileType = image.png; path = alarm.png; sourceTree = "<group>"; };
		1A01D89916E9819700E855C5 /* alarm_off.png */ = {isa = PBXFileReference; lastKnownFileType = image.png; path = alarm_off.png; sourceTree = "<group>"; };
		1A01D89A16E9819700E855C5 /* attach.png */ = {isa = PBXFileReference; lastKnownFileType = image.png; path = attach.png; sourceTree = "<group>"; };
		1A01D89B16E9819700E855C5 /* bell.png */ = {isa = PBXFileReference; lastKnownFileType = image.png; path = bell.png; sourceTree = "<group>"; };
		1A01D89C16E9819700E855C5 /* bell_off.png */ = {isa = PBXFileReference; lastKnownFileType = image.png; path = bell_off.png; sourceTree = "<group>"; };
		1A01D89D16E9819700E855C5 /* cancel.png */ = {isa = PBXFileReference; lastKnownFileType = image.png; path = cancel.png; sourceTree = "<group>"; };
		1A01D89E16E9819700E855C5 /* cascade.png */ = {isa = PBXFileReference; lastKnownFileType = image.png; path = cascade.png; sourceTree = "<group>"; };
		1A01D89F16E9819700E855C5 /* clipboard_text.png */ = {isa = PBXFileReference; lastKnownFileType = image.png; path = clipboard_text.png; sourceTree = "<group>"; };
		1A01D8A016E9819700E855C5 /* clipboard_text_off.png */ = {isa = PBXFileReference; lastKnownFileType = image.png; path = clipboard_text_off.png; sourceTree = "<group>"; };
		1A01D8A116E9819700E855C5 /* cog.png */ = {isa = PBXFileReference; lastKnownFileType = image.png; path = cog.png; sourceTree = "<group>"; };
		1A01D8A216E9819700E855C5 /* comment.png */ = {isa = PBXFileReference; lastKnownFileType = image.png; path = comment.png; sourceTree = "<group>"; };
		1A01D8A316E9819700E855C5 /* control _off.png */ = {isa = PBXFileReference; lastKnownFileType = image.png; path = "control _off.png"; sourceTree = "<group>"; };
		1A01D8A416E9819700E855C5 /* control_eject.png */ = {isa = PBXFileReference; lastKnownFileType = image.png; path = control_eject.png; sourceTree = "<group>"; };
		1A01D8A516E9819700E855C5 /* control_equalizer.png */ = {isa = PBXFileReference; lastKnownFileType = image.png; path = control_equalizer.png; sourceTree = "<group>"; };
		1A01D8A616E9819700E855C5 /* control_pause.png */ = {isa = PBXFileReference; lastKnownFileType = image.png; path = control_pause.png; sourceTree = "<group>"; };
		1A01D8A716E9819700E855C5 /* database.png */ = {isa = PBXFileReference; lastKnownFileType = image.png; path = database.png; sourceTree = "<group>"; };
		1A01D8A816E9819700E855C5 /* delete.png */ = {isa = PBXFileReference; lastKnownFileType = image.png; path = delete.png; sourceTree = "<group>"; };
		1A01D8A916E9819700E855C5 /* error.png */ = {isa = PBXFileReference; lastKnownFileType = image.png; path = error.png; sourceTree = "<group>"; };
		1A01D8AA16E9819700E855C5 /* exclamation.png */ = {isa = PBXFileReference; lastKnownFileType = image.png; path = exclamation.png; sourceTree = "<group>"; };
		1A01D8AB16E9819700E855C5 /* house.png */ = {isa = PBXFileReference; lastKnownFileType = image.png; path = house.png; sourceTree = "<group>"; };
		1A01D8AC16E9819700E855C5 /* ipod_cast.png */ = {isa = PBXFileReference; lastKnownFileType = image.png; path = ipod_cast.png; sourceTree = "<group>"; };
		1A01D8AD16E9819700E855C5 /* ipod_cast_off.png */ = {isa = PBXFileReference; lastKnownFileType = image.png; path = ipod_cast_off.png; sourceTree = "<group>"; };
		1A01D8AE16E9819700E855C5 /* joystick.png */ = {isa = PBXFileReference; lastKnownFileType = image.png; path = joystick.png; sourceTree = "<group>"; };
		1A01D8AF16E9819700E855C5 /* lightbulb.png */ = {isa = PBXFileReference; lastKnownFileType = image.png; path = lightbulb.png; sourceTree = "<group>"; };
		1A01D8B016E9819700E855C5 /* lightbulb_off.png */ = {isa = PBXFileReference; lastKnownFileType = image.png; path = lightbulb_off.png; sourceTree = "<group>"; };
		1A01D8B116E9819700E855C5 /* link_break.png */ = {isa = PBXFileReference; lastKnownFileType = image.png; path = link_break.png; sourceTree = "<group>"; };
		1A01D8B216E9819700E855C5 /* link_break_off.png */ = {isa = PBXFileReference; lastKnownFileType = image.png; path = link_break_off.png; sourceTree = "<group>"; };
		1A01D8B316E9819700E855C5 /* note.png */ = {isa = PBXFileReference; lastKnownFileType = image.png; path = note.png; sourceTree = "<group>"; };
		1A01D8B416E9819700E855C5 /* shading.png */ = {isa = PBXFileReference; lastKnownFileType = image.png; path = shading.png; sourceTree = "<group>"; };
		1A01D8B516E9819700E855C5 /* transmit.png */ = {isa = PBXFileReference; lastKnownFileType = image.png; path = transmit.png; sourceTree = "<group>"; };
		1A01D8B616E9819700E855C5 /* volume_control_icon.png */ = {isa = PBXFileReference; lastKnownFileType = image.png; path = volume_control_icon.png; sourceTree = "<group>"; };
		1A01D8B716E9819700E855C5 /* wait.png */ = {isa = PBXFileReference; lastKnownFileType = image.png; path = wait.png; sourceTree = "<group>"; };
		1A01D8DA16E981A500E855C5 /* Alarm_Clock.mp3 */ = {isa = PBXFileReference; lastKnownFileType = audio.mp3; path = Alarm_Clock.mp3; sourceTree = "<group>"; };
		1A01D8DB16E981A500E855C5 /* Car_Alarm.mp3 */ = {isa = PBXFileReference; lastKnownFileType = audio.mp3; path = Car_Alarm.mp3; sourceTree = "<group>"; };
		1A01D8DC16E981A500E855C5 /* Evacuate.mp3 */ = {isa = PBXFileReference; lastKnownFileType = audio.mp3; path = Evacuate.mp3; sourceTree = "<group>"; };
		1A01D8DD16E981A500E855C5 /* Rooster.mp3 */ = {isa = PBXFileReference; lastKnownFileType = audio.mp3; path = Rooster.mp3; sourceTree = "<group>"; };
		1A01D8DE16E981A500E855C5 /* Tornado_Siren.mp3 */ = {isa = PBXFileReference; lastKnownFileType = audio.mp3; path = Tornado_Siren.mp3; sourceTree = "<group>"; };
		1A0B700D16F87A9E0013CEAE /* Default.png */ = {isa = PBXFileReference; lastKnownFileType = image.png; path = Default.png; sourceTree = "<group>"; };
		1A6FEF0016F4C77B00F5B8A0 /* AlarmClockiOS.xcdatamodel */ = {isa = PBXFileReference; lastKnownFileType = wrapper.xcdatamodel; path = AlarmClockiOS.xcdatamodel; sourceTree = "<group>"; };
		1A6FEF0416F4C98200F5B8A0 /* CoreData.framework */ = {isa = PBXFileReference; lastKnownFileType = wrapper.framework; name = CoreData.framework; path = System/Library/Frameworks/CoreData.framework; sourceTree = SDKROOT; };
		1A6FEF0F16F6A75000F5B8A0 /* silence_10.mp3 */ = {isa = PBXFileReference; lastKnownFileType = audio.mp3; path = silence_10.mp3; sourceTree = "<group>"; };
		1A99703E16E9875D009F6C6B /* MMAlarmMainViewController.h */ = {isa = PBXFileReference; fileEncoding = 4; lastKnownFileType = sourcecode.c.h; path = MMAlarmMainViewController.h; sourceTree = "<group>"; };
		1A99703F16E9875D009F6C6B /* MMAlarmMainViewController.m */ = {isa = PBXFileReference; fileEncoding = 4; lastKnownFileType = sourcecode.c.objc; path = MMAlarmMainViewController.m; sourceTree = "<group>"; };
		1A99704316E98DC0009F6C6B /* AVFoundation.framework */ = {isa = PBXFileReference; lastKnownFileType = wrapper.framework; name = AVFoundation.framework; path = System/Library/Frameworks/AVFoundation.framework; sourceTree = SDKROOT; };
		1A99704516E98DCE009F6C6B /* AudioToolbox.framework */ = {isa = PBXFileReference; lastKnownFileType = wrapper.framework; name = AudioToolbox.framework; path = System/Library/Frameworks/AudioToolbox.framework; sourceTree = SDKROOT; };
		1A99704716E9AFFB009F6C6B /* MMTableViewController.h */ = {isa = PBXFileReference; fileEncoding = 4; lastKnownFileType = sourcecode.c.h; path = MMTableViewController.h; sourceTree = "<group>"; };
		1A99704816E9AFFB009F6C6B /* MMTableViewController.m */ = {isa = PBXFileReference; fileEncoding = 4; lastKnownFileType = sourcecode.c.objc; path = MMTableViewController.m; sourceTree = "<group>"; };
		1A99704D16EA6E13009F6C6B /* MMAlarmDetails.h */ = {isa = PBXFileReference; fileEncoding = 4; lastKnownFileType = sourcecode.c.h; path = MMAlarmDetails.h; sourceTree = "<group>"; };
		1A99704E16EA6E13009F6C6B /* MMAlarmDetails.m */ = {isa = PBXFileReference; fileEncoding = 4; lastKnownFileType = sourcecode.c.objc; path = MMAlarmDetails.m; sourceTree = "<group>"; };
		1A99705316EE98BD009F6C6B /* VisualVibrateViewController.h */ = {isa = PBXFileReference; fileEncoding = 4; lastKnownFileType = sourcecode.c.h; path = VisualVibrateViewController.h; sourceTree = "<group>"; };
		1A99705416EE98BD009F6C6B /* VisualVibrateViewController.m */ = {isa = PBXFileReference; fileEncoding = 4; lastKnownFileType = sourcecode.c.objc; path = VisualVibrateViewController.m; sourceTree = "<group>"; };
		1A9970C516F29D43009F6C6B /* alarm_clk_standard.png */ = {isa = PBXFileReference; lastKnownFileType = image.png; path = alarm_clk_standard.png; sourceTree = "<group>"; };
		1A9970C716F29D4E009F6C6B /* alarm_clk_retina.png */ = {isa = PBXFileReference; lastKnownFileType = image.png; path = alarm_clk_retina.png; sourceTree = "<group>"; };
		1A9970C916F29D7A009F6C6B /* alarm_clk_standard.png */ = {isa = PBXFileReference; lastKnownFileType = image.png; path = alarm_clk_standard.png; sourceTree = "<group>"; };
		1A9970CB16F29DA0009F6C6B /* alarm_clk_retina.png */ = {isa = PBXFileReference; lastKnownFileType = image.png; path = alarm_clk_retina.png; sourceTree = "<group>"; };
/* End PBXFileReference section */

/* Begin PBXFrameworksBuildPhase section */
		1A01D85D16E9764700E855C5 /* Frameworks */ = {
			isa = PBXFrameworksBuildPhase;
			buildActionMask = 2147483647;
			files = (
				1A6FEF0516F4C98200F5B8A0 /* CoreData.framework in Frameworks */,
				1A99704616E98DCE009F6C6B /* AudioToolbox.framework in Frameworks */,
				1A99704416E98DC0009F6C6B /* AVFoundation.framework in Frameworks */,
				1A01D86416E9764700E855C5 /* UIKit.framework in Frameworks */,
				1A01D86616E9764700E855C5 /* Foundation.framework in Frameworks */,
				1A01D86816E9764700E855C5 /* CoreGraphics.framework in Frameworks */,
			);
			runOnlyForDeploymentPostprocessing = 0;
		};
/* End PBXFrameworksBuildPhase section */

/* Begin PBXGroup section */
		1A01D85716E9764700E855C5 = {
			isa = PBXGroup;
			children = (
				1A9970CB16F29DA0009F6C6B /* alarm_clk_retina.png */,
				1A9970C916F29D7A009F6C6B /* alarm_clk_standard.png */,
				1A01D86916E9764700E855C5 /* AlarmClockiOS */,
				1A01D86216E9764700E855C5 /* Frameworks */,
				1A01D86116E9764700E855C5 /* Products */,
			);
			sourceTree = "<group>";
		};
		1A01D86116E9764700E855C5 /* Products */ = {
			isa = PBXGroup;
			children = (
				1A01D86016E9764700E855C5 /* AlarmClockiOS.app */,
			);
			name = Products;
			sourceTree = "<group>";
		};
		1A01D86216E9764700E855C5 /* Frameworks */ = {
			isa = PBXGroup;
			children = (
				1A6FEF0416F4C98200F5B8A0 /* CoreData.framework */,
				1A99704516E98DCE009F6C6B /* AudioToolbox.framework */,
				1A99704316E98DC0009F6C6B /* AVFoundation.framework */,
				1A01D86316E9764700E855C5 /* UIKit.framework */,
				1A01D86516E9764700E855C5 /* Foundation.framework */,
				1A01D86716E9764700E855C5 /* CoreGraphics.framework */,
			);
			name = Frameworks;
			sourceTree = "<group>";
		};
		1A01D86916E9764700E855C5 /* AlarmClockiOS */ = {
			isa = PBXGroup;
			children = (
				1A01D87216E9764700E855C5 /* MMAppDelegate.h */,
				1A01D87316E9764700E855C5 /* MMAppDelegate.m */,
				1A01D87B16E9764700E855C5 /* MainStoryboard.storyboard */,
				1A99704716E9AFFB009F6C6B /* MMTableViewController.h */,
				1A99704816E9AFFB009F6C6B /* MMTableViewController.m */,
				1A99703E16E9875D009F6C6B /* MMAlarmMainViewController.h */,
				1A99703F16E9875D009F6C6B /* MMAlarmMainViewController.m */,
				1A99704D16EA6E13009F6C6B /* MMAlarmDetails.h */,
				1A99704E16EA6E13009F6C6B /* MMAlarmDetails.m */,
				1A01D87E16E9764700E855C5 /* AlarmTimeViewController.h */,
				1A01D87F16E9764700E855C5 /* AlarmTimeViewController.m */,
				1A01D89216E97EE200E855C5 /* SnoozeViewController.m */,
				1A01D89116E97EE200E855C5 /* SnoozeViewController.h */,
				1A01D88516E9764700E855C5 /* AudibleViewController.h */,
				1A01D88616E9764700E855C5 /* AudibleViewController.m */,
				1A99705316EE98BD009F6C6B /* VisualVibrateViewController.h */,
				1A99705416EE98BD009F6C6B /* VisualVibrateViewController.m */,
				1A6FEEFF16F4C77B00F5B8A0 /* AlarmClockiOS.xcdatamodeld */,
				1A01D86A16E9764700E855C5 /* Supporting Files */,
			);
			path = AlarmClockiOS;
			sourceTree = "<group>";
		};
		1A01D86A16E9764700E855C5 /* Supporting Files */ = {
			isa = PBXGroup;
			children = (
				1A9970C716F29D4E009F6C6B /* alarm_clk_retina.png */,
				1A9970C516F29D43009F6C6B /* alarm_clk_standard.png */,
				1A01D88A16E9764700E855C5 /* second@2x.png */,
				1A01D88816E9764700E855C5 /* second.png */,
				1A01D88316E9764700E855C5 /* first@2x.png */,
				1A01D88116E9764700E855C5 /* first.png */,
				1A01D8D916E981A500E855C5 /* Sounds */,
				1A01D89616E9819700E855C5 /* Icons */,
				1A01D86B16E9764700E855C5 /* AlarmClockiOS-Info.plist */,
				1A01D86C16E9764700E855C5 /* InfoPlist.strings */,
				1A01D86F16E9764700E855C5 /* main.m */,
				1A01D87116E9764700E855C5 /* AlarmClockiOS-Prefix.pch */,
				1A0B700D16F87A9E0013CEAE /* Default.png */,
				1A01D87716E9764700E855C5 /* Default@2x.png */,
				1A01D87916E9764700E855C5 /* Default-568h@2x.png */,
			);
			name = "Supporting Files";
			sourceTree = "<group>";
		};
		1A01D89616E9819700E855C5 /* Icons */ = {
			isa = PBXGroup;
			children = (
				1A01D89716E9819700E855C5 /* add.png */,
				1A01D89816E9819700E855C5 /* alarm.png */,
				1A01D89916E9819700E855C5 /* alarm_off.png */,
				1A01D89A16E9819700E855C5 /* attach.png */,
				1A01D89B16E9819700E855C5 /* bell.png */,
				1A01D89C16E9819700E855C5 /* bell_off.png */,
				1A01D89D16E9819700E855C5 /* cancel.png */,
				1A01D89E16E9819700E855C5 /* cascade.png */,
				1A01D89F16E9819700E855C5 /* clipboard_text.png */,
				1A01D8A016E9819700E855C5 /* clipboard_text_off.png */,
				1A01D8A116E9819700E855C5 /* cog.png */,
				1A01D8A216E9819700E855C5 /* comment.png */,
				1A01D8A316E9819700E855C5 /* control _off.png */,
				1A01D8A416E9819700E855C5 /* control_eject.png */,
				1A01D8A516E9819700E855C5 /* control_equalizer.png */,
				1A01D8A616E9819700E855C5 /* control_pause.png */,
				1A01D8A716E9819700E855C5 /* database.png */,
				1A01D8A816E9819700E855C5 /* delete.png */,
				1A01D8A916E9819700E855C5 /* error.png */,
				1A01D8AA16E9819700E855C5 /* exclamation.png */,
				1A01D8AB16E9819700E855C5 /* house.png */,
				1A01D8AC16E9819700E855C5 /* ipod_cast.png */,
				1A01D8AD16E9819700E855C5 /* ipod_cast_off.png */,
				1A01D8AE16E9819700E855C5 /* joystick.png */,
				1A01D8AF16E9819700E855C5 /* lightbulb.png */,
				1A01D8B016E9819700E855C5 /* lightbulb_off.png */,
				1A01D8B116E9819700E855C5 /* link_break.png */,
				1A01D8B216E9819700E855C5 /* link_break_off.png */,
				1A01D8B316E9819700E855C5 /* note.png */,
				1A01D8B416E9819700E855C5 /* shading.png */,
				1A01D8B516E9819700E855C5 /* transmit.png */,
				1A01D8B616E9819700E855C5 /* volume_control_icon.png */,
				1A01D8B716E9819700E855C5 /* wait.png */,
			);
			path = Icons;
			sourceTree = "<group>";
		};
		1A01D8D916E981A500E855C5 /* Sounds */ = {
			isa = PBXGroup;
			children = (
				1A6FEF0F16F6A75000F5B8A0 /* silence_10.mp3 */,
				1A01D8DA16E981A500E855C5 /* Alarm_Clock.mp3 */,
				1A01D8DB16E981A500E855C5 /* Car_Alarm.mp3 */,
				1A01D8DC16E981A500E855C5 /* Evacuate.mp3 */,
				1A01D8DD16E981A500E855C5 /* Rooster.mp3 */,
				1A01D8DE16E981A500E855C5 /* Tornado_Siren.mp3 */,
			);
			path = Sounds;
			sourceTree = "<group>";
		};
/* End PBXGroup section */

/* Begin PBXNativeTarget section */
		1A01D85F16E9764700E855C5 /* AlarmClockiOS */ = {
			isa = PBXNativeTarget;
			buildConfigurationList = 1A01D88E16E9764700E855C5 /* Build configuration list for PBXNativeTarget "AlarmClockiOS" */;
			buildPhases = (
				1A01D85C16E9764700E855C5 /* Sources */,
				1A01D85D16E9764700E855C5 /* Frameworks */,
				1A01D85E16E9764700E855C5 /* Resources */,
			);
			buildRules = (
			);
			dependencies = (
			);
			name = AlarmClockiOS;
			productName = AlarmClockiOS;
			productReference = 1A01D86016E9764700E855C5 /* AlarmClockiOS.app */;
			productType = "com.apple.product-type.application";
		};
/* End PBXNativeTarget section */

/* Begin PBXProject section */
		1A01D85816E9764700E855C5 /* Project object */ = {
			isa = PBXProject;
			attributes = {
				CLASSPREFIX = MM;
				LastUpgradeCheck = 0460;
				ORGANIZATIONNAME = jdsv650;
			};
			buildConfigurationList = 1A01D85B16E9764700E855C5 /* Build configuration list for PBXProject "AlarmClockiOS" */;
			compatibilityVersion = "Xcode 3.2";
			developmentRegion = English;
			hasScannedForEncodings = 0;
			knownRegions = (
				en,
			);
			mainGroup = 1A01D85716E9764700E855C5;
			productRefGroup = 1A01D86116E9764700E855C5 /* Products */;
			projectDirPath = "";
			projectRoot = "";
			targets = (
				1A01D85F16E9764700E855C5 /* AlarmClockiOS */,
			);
		};
/* End PBXProject section */

/* Begin PBXResourcesBuildPhase section */
		1A01D85E16E9764700E855C5 /* Resources */ = {
			isa = PBXResourcesBuildPhase;
			buildActionMask = 2147483647;
			files = (
				1A01D86E16E9764700E855C5 /* InfoPlist.strings in Resources */,
				1A01D87816E9764700E855C5 /* Default@2x.png in Resources */,
				1A01D87A16E9764700E855C5 /* Default-568h@2x.png in Resources */,
				1A01D87D16E9764700E855C5 /* MainStoryboard.storyboard in Resources */,
				1A01D88216E9764700E855C5 /* first.png in Resources */,
				1A01D88416E9764700E855C5 /* first@2x.png in Resources */,
				1A01D88916E9764700E855C5 /* second.png in Resources */,
				1A01D88B16E9764700E855C5 /* second@2x.png in Resources */,
				1A01D8B816E9819700E855C5 /* add.png in Resources */,
				1A01D8B916E9819700E855C5 /* alarm.png in Resources */,
				1A01D8BA16E9819700E855C5 /* alarm_off.png in Resources */,
				1A01D8BB16E9819700E855C5 /* attach.png in Resources */,
				1A01D8BC16E9819700E855C5 /* bell.png in Resources */,
				1A01D8BD16E9819700E855C5 /* bell_off.png in Resources */,
				1A01D8BE16E9819700E855C5 /* cancel.png in Resources */,
				1A01D8BF16E9819700E855C5 /* cascade.png in Resources */,
				1A01D8C016E9819700E855C5 /* clipboard_text.png in Resources */,
				1A01D8C116E9819700E855C5 /* clipboard_text_off.png in Resources */,
				1A01D8C216E9819700E855C5 /* cog.png in Resources */,
				1A01D8C316E9819700E855C5 /* comment.png in Resources */,
				1A01D8C416E9819700E855C5 /* control _off.png in Resources */,
				1A01D8C516E9819700E855C5 /* control_eject.png in Resources */,
				1A01D8C616E9819700E855C5 /* control_equalizer.png in Resources */,
				1A01D8C716E9819700E855C5 /* control_pause.png in Resources */,
				1A01D8C816E9819700E855C5 /* database.png in Resources */,
				1A01D8C916E9819700E855C5 /* delete.png in Resources */,
				1A01D8CA16E9819700E855C5 /* error.png in Resources */,
				1A01D8CB16E9819700E855C5 /* exclamation.png in Resources */,
				1A01D8CC16E9819700E855C5 /* house.png in Resources */,
				1A01D8CD16E9819700E855C5 /* ipod_cast.png in Resources */,
				1A01D8CE16E9819700E855C5 /* ipod_cast_off.png in Resources */,
				1A01D8CF16E9819700E855C5 /* joystick.png in Resources */,
				1A01D8D016E9819700E855C5 /* lightbulb.png in Resources */,
				1A01D8D116E9819700E855C5 /* lightbulb_off.png in Resources */,
				1A01D8D216E9819700E855C5 /* link_break.png in Resources */,
				1A01D8D316E9819700E855C5 /* link_break_off.png in Resources */,
				1A01D8D416E9819700E855C5 /* note.png in Resources */,
				1A01D8D516E9819700E855C5 /* shading.png in Resources */,
				1A01D8D616E9819700E855C5 /* transmit.png in Resources */,
				1A01D8D716E9819700E855C5 /* volume_control_icon.png in Resources */,
				1A01D8D816E9819700E855C5 /* wait.png in Resources */,
				1A01D8DF16E981A500E855C5 /* Alarm_Clock.mp3 in Resources */,
				1A01D8E016E981A500E855C5 /* Car_Alarm.mp3 in Resources */,
				1A01D8E116E981A500E855C5 /* Evacuate.mp3 in Resources */,
				1A01D8E216E981A500E855C5 /* Rooster.mp3 in Resources */,
				1A01D8E316E981A500E855C5 /* Tornado_Siren.mp3 in Resources */,
				1A9970C616F29D44009F6C6B /* alarm_clk_standard.png in Resources */,
				1A9970C816F29D4F009F6C6B /* alarm_clk_retina.png in Resources */,
				1A9970CA16F29D7A009F6C6B /* alarm_clk_standard.png in Resources */,
				1A9970CC16F29DA1009F6C6B /* alarm_clk_retina.png in Resources */,
				1A6FEF1016F6A75000F5B8A0 /* silence_10.mp3 in Resources */,
				1A0B700E16F87A9E0013CEAE /* Default.png in Resources */,
			);
			runOnlyForDeploymentPostprocessing = 0;
		};
/* End PBXResourcesBuildPhase section */

/* Begin PBXSourcesBuildPhase section */
		1A01D85C16E9764700E855C5 /* Sources */ = {
			isa = PBXSourcesBuildPhase;
			buildActionMask = 2147483647;
			files = (
				1A01D87016E9764700E855C5 /* main.m in Sources */,
				1A01D87416E9764700E855C5 /* MMAppDelegate.m in Sources */,
				1A01D88016E9764700E855C5 /* AlarmTimeViewController.m in Sources */,
				1A01D88716E9764700E855C5 /* AudibleViewController.m in Sources */,
				1A01D89416E97EE200E855C5 /* SnoozeViewController.m in Sources */,
				1A99704116E9875D009F6C6B /* MMAlarmMainViewController.m in Sources */,
				1A99704916E9AFFB009F6C6B /* MMTableViewController.m in Sources */,
				1A99704F16EA6E13009F6C6B /* MMAlarmDetails.m in Sources */,
				1A99705516EE98BD009F6C6B /* VisualVibrateViewController.m in Sources */,
				1A6FEF0116F4C77B00F5B8A0 /* AlarmClockiOS.xcdatamodeld in Sources */,
			);
			runOnlyForDeploymentPostprocessing = 0;
		};
/* End PBXSourcesBuildPhase section */

/* Begin PBXVariantGroup section */
		1A01D86C16E9764700E855C5 /* InfoPlist.strings */ = {
			isa = PBXVariantGroup;
			children = (
				1A01D86D16E9764700E855C5 /* en */,
			);
			name = InfoPlist.strings;
			sourceTree = "<group>";
		};
		1A01D87B16E9764700E855C5 /* MainStoryboard.storyboard */ = {
			isa = PBXVariantGroup;
			children = (
				1A01D87C16E9764700E855C5 /* en */,
			);
			name = MainStoryboard.storyboard;
			sourceTree = "<group>";
		};
/* End PBXVariantGroup section */

/* Begin XCBuildConfiguration section */
		1A01D88C16E9764700E855C5 /* Debug */ = {
			isa = XCBuildConfiguration;
			buildSettings = {
				ALWAYS_SEARCH_USER_PATHS = NO;
				CLANG_CXX_LANGUAGE_STANDARD = "gnu++0x";
				CLANG_CXX_LIBRARY = "libc++";
				CLANG_ENABLE_OBJC_ARC = YES;
				CLANG_WARN_CONSTANT_CONVERSION = YES;
				CLANG_WARN_EMPTY_BODY = YES;
				CLANG_WARN_ENUM_CONVERSION = YES;
				CLANG_WARN_INT_CONVERSION = YES;
				CLANG_WARN__DUPLICATE_METHOD_MATCH = YES;
				"CODE_SIGN_IDENTITY[sdk=iphoneos*]" = "iPhone Developer";
				COPY_PHASE_STRIP = NO;
				GCC_C_LANGUAGE_STANDARD = gnu99;
				GCC_DYNAMIC_NO_PIC = NO;
				GCC_OPTIMIZATION_LEVEL = 0;
				GCC_PREPROCESSOR_DEFINITIONS = (
					"DEBUG=1",
					"$(inherited)",
				);
				GCC_SYMBOLS_PRIVATE_EXTERN = NO;
				GCC_WARN_ABOUT_RETURN_TYPE = YES;
				GCC_WARN_UNINITIALIZED_AUTOS = YES;
				GCC_WARN_UNUSED_VARIABLE = YES;
				IPHONEOS_DEPLOYMENT_TARGET = 6.1;
				ONLY_ACTIVE_ARCH = YES;
				SDKROOT = iphoneos;
			};
			name = Debug;
		};
		1A01D88D16E9764700E855C5 /* Release */ = {
			isa = XCBuildConfiguration;
			buildSettings = {
				ALWAYS_SEARCH_USER_PATHS = NO;
				CLANG_CXX_LANGUAGE_STANDARD = "gnu++0x";
				CLANG_CXX_LIBRARY = "libc++";
				CLANG_ENABLE_OBJC_ARC = YES;
				CLANG_WARN_CONSTANT_CONVERSION = YES;
				CLANG_WARN_EMPTY_BODY = YES;
				CLANG_WARN_ENUM_CONVERSION = YES;
				CLANG_WARN_INT_CONVERSION = YES;
				CLANG_WARN__DUPLICATE_METHOD_MATCH = YES;
				"CODE_SIGN_IDENTITY[sdk=iphoneos*]" = "iPhone Developer";
				COPY_PHASE_STRIP = YES;
				GCC_C_LANGUAGE_STANDARD = gnu99;
				GCC_WARN_ABOUT_RETURN_TYPE = YES;
				GCC_WARN_UNINITIALIZED_AUTOS = YES;
				GCC_WARN_UNUSED_VARIABLE = YES;
				IPHONEOS_DEPLOYMENT_TARGET = 6.1;
				OTHER_CFLAGS = "-DNS_BLOCK_ASSERTIONS=1";
				SDKROOT = iphoneos;
				VALIDATE_PRODUCT = YES;
			};
			name = Release;
		};
		1A01D88F16E9764700E855C5 /* Debug */ = {
			isa = XCBuildConfiguration;
			buildSettings = {
				GCC_PRECOMPILE_PREFIX_HEADER = YES;
				GCC_PREFIX_HEADER = "AlarmClockiOS/AlarmClockiOS-Prefix.pch";
				INFOPLIST_FILE = "AlarmClockiOS/AlarmClockiOS-Info.plist";
				IPHONEOS_DEPLOYMENT_TARGET = 5.0;
				PRODUCT_NAME = "$(TARGET_NAME)";
				TARGETED_DEVICE_FAMILY = "1,2";
				WRAPPER_EXTENSION = app;
			};
			name = Debug;
		};
		1A01D89016E9764700E855C5 /* Release */ = {
			isa = XCBuildConfiguration;
			buildSettings = {
				GCC_PRECOMPILE_PREFIX_HEADER = YES;
				GCC_PREFIX_HEADER = "AlarmClockiOS/AlarmClockiOS-Prefix.pch";
				INFOPLIST_FILE = "AlarmClockiOS/AlarmClockiOS-Info.plist";
				IPHONEOS_DEPLOYMENT_TARGET = 5.0;
				PRODUCT_NAME = "$(TARGET_NAME)";
				TARGETED_DEVICE_FAMILY = "1,2";
				WRAPPER_EXTENSION = app;
			};
			name = Release;
		};
/* End XCBuildConfiguration section */

/* Begin XCConfigurationList section */
		1A01D85B16E9764700E855C5 /* Build configuration list for PBXProject "AlarmClockiOS" */ = {
			isa = XCConfigurationList;
			buildConfigurations = (
				1A01D88C16E9764700E855C5 /* Debug */,
				1A01D88D16E9764700E855C5 /* Release */,
			);
			defaultConfigurationIsVisible = 0;
			defaultConfigurationName = Release;
		};
		1A01D88E16E9764700E855C5 /* Build configuration list for PBXNativeTarget "AlarmClockiOS" */ = {
			isa = XCConfigurationList;
			buildConfigurations = (
				1A01D88F16E9764700E855C5 /* Debug */,
				1A01D89016E9764700E855C5 /* Release */,
			);
			defaultConfigurationIsVisible = 0;
			defaultConfigurationName = Release;
		};
/* End XCConfigurationList section */

/* Begin XCVersionGroup section */
		1A6FEEFF16F4C77B00F5B8A0 /* AlarmClockiOS.xcdatamodeld */ = {
			isa = XCVersionGroup;
			children = (
				1A6FEF0016F4C77B00F5B8A0 /* AlarmClockiOS.xcdatamodel */,
			);
			currentVersion = 1A6FEF0016F4C77B00F5B8A0 /* AlarmClockiOS.xcdatamodel */;
			path = AlarmClockiOS.xcdatamodeld;
			sourceTree = "<group>";
			versionGroupType = wrapper.xcdatamodel;
		};
/* End XCVersionGroup section */
	};
	rootObject = 1A01D85816E9764700E855C5 /* Project object */;
}
